
Microsoft Visual Studio Solution File, Format Version 12.00
# Visual Studio Version 16
VisualStudioVersion = 16.0.30804.86
MinimumVisualStudioVersion = 10.0.40219.1
Project("{FAE04EC0-301F-11D3-BF4B-00C04F79EFBC}") = "SavePDFUsingNative.Android", "SavePDFUsingNative\SavePDFUsingNative.Android\SavePDFUsingNative.Android.csproj", "{59764C76-45DE-4DA7-A32C-D1F0B5A26C06}"
EndProject
Project("{FAE04EC0-301F-11D3-BF4B-00C04F79EFBC}") = "SavePDFUsingNative.iOS", "SavePDFUsingNative\SavePDFUsingNative.iOS\SavePDFUsingNative.iOS.csproj", "{6CED23EF-ADF5-4CA7-B71C-76DE7CE00CBD}"
EndProject
Project("{FAE04EC0-301F-11D3-BF4B-00C04F79EFBC}") = "SavePDFUsingNative.UWP", "SavePDFUsingNative\SavePDFUsingNative.UWP\SavePDFUsingNative.UWP.csproj", "{A579B97E-FBE1-4F92-90AE-37AC4E4D6887}"
EndProject
Project("{9A19103F-16F7-4668-BE54-9A1E7A4F7556}") = "SavePDFUsingNative", "SavePDFUsingNative\SavePDFUsingNative\SavePDFUsingNative.csproj", "{A9EA3CDF-E624-4A70-82D2-4D5B8822049B}"
EndProject
Global
	GlobalSection(SolutionConfigurationPlatforms) = preSolution
		Ad-Hoc|Any CPU = Ad-Hoc|Any CPU
		Ad-Hoc|ARM = Ad-Hoc|ARM
		Ad-Hoc|iPhone = Ad-Hoc|iPhone
		Ad-Hoc|iPhoneSimulator = Ad-Hoc|iPhoneSimulator
		Ad-Hoc|x64 = Ad-Hoc|x64
		Ad-Hoc|x86 = Ad-Hoc|x86
		AppStore|Any CPU = AppStore|Any CPU
		AppStore|ARM = AppStore|ARM
		AppStore|iPhone = AppStore|iPhone
		AppStore|iPhoneSimulator = AppStore|iPhoneSimulator
		AppStore|x64 = AppStore|x64
		AppStore|x86 = AppStore|x86
		Debug|Any CPU = Debug|Any CPU
		Debug|ARM = Debug|ARM
		Debug|iPhone = Debug|iPhone
		Debug|iPhoneSimulator = Debug|iPhoneSimulator
		Debug|x64 = Debug|x64
		Debug|x86 = Debug|x86
		Release|Any CPU = Release|Any CPU
		Release|ARM = Release|ARM
		Release|iPhone = Release|iPhone
		Release|iPhoneSimulator = Release|iPhoneSimulator
		Release|x64 = Release|x64
		Release|x86 = Release|x86
	EndGlobalSection
	GlobalSection(ProjectConfigurationPlatforms) = postSolution
		{59764C76-45DE-4DA7-A32C-D1F0B5A26C06}.Ad-Hoc|Any CPU.ActiveCfg = Release|Any CPU
		{59764C76-45DE-4DA7-A32C-D1F0B5A26C06}.Ad-Hoc|Any CPU.Build.0 = Release|Any CPU
		{59764C76-45DE-4DA7-A32C-D1F0B5A26C06}.Ad-Hoc|Any CPU.Deploy.0 = Release|Any CPU
		{59764C76-45DE-4DA7-A32C-D1F0B5A26C06}.Ad-Hoc|ARM.ActiveCfg = Release|Any CPU
		{59764C76-45DE-4DA7-A32C-D1F0B5A26C06}.Ad-Hoc|ARM.Build.0 = Release|Any CPU
		{59764C76-45DE-4DA7-A32C-D1F0B5A26C06}.Ad-Hoc|ARM.Deploy.0 = Release|Any CPU
		{59764C76-45DE-4DA7-A32C-D1F0B5A26C06}.Ad-Hoc|iPhone.ActiveCfg = Release|Any CPU
		{59764C76-45DE-4DA7-A32C-D1F0B5A26C06}.Ad-Hoc|iPhone.Build.0 = Release|Any CPU
		{59764C76-45DE-4DA7-A32C-D1F0B5A26C06}.Ad-Hoc|iPhone.Deploy.0 = Release|Any CPU
		{59764C76-45DE-4DA7-A32C-D1F0B5A26C06}.Ad-Hoc|iPhoneSimulator.ActiveCfg = Release|Any CPU
		{59764C76-45DE-4DA7-A32C-D1F0B5A26C06}.Ad-Hoc|iPhoneSimulator.Build.0 = Release|Any CPU
		{59764C76-45DE-4DA7-A32C-D1F0B5A26C06}.Ad-Hoc|iPhoneSimulator.Deploy.0 = Release|Any CPU
		{59764C76-45DE-4DA7-A32C-D1F0B5A26C06}.Ad-Hoc|x64.ActiveCfg = Release|Any CPU
		{59764C76-45DE-4DA7-A32C-D1F0B5A26C06}.Ad-Hoc|x64.Build.0 = Release|Any CPU
		{59764C76-45DE-4DA7-A32C-D1F0B5A26C06}.Ad-Hoc|x64.Deploy.0 = Release|Any CPU
		{59764C76-45DE-4DA7-A32C-D1F0B5A26C06}.Ad-Hoc|x86.ActiveCfg = Release|Any CPU
		{59764C76-45DE-4DA7-A32C-D1F0B5A26C06}.Ad-Hoc|x86.Build.0 = Release|Any CPU
		{59764C76-45DE-4DA7-A32C-D1F0B5A26C06}.Ad-Hoc|x86.Deploy.0 = Release|Any CPU
		{59764C76-45DE-4DA7-A32C-D1F0B5A26C06}.AppStore|Any CPU.ActiveCfg = Release|Any CPU
		{59764C76-45DE-4DA7-A32C-D1F0B5A26C06}.AppStore|Any CPU.Build.0 = Release|Any CPU
		{59764C76-45DE-4DA7-A32C-D1F0B5A26C06}.AppStore|Any CPU.Deploy.0 = Release|Any CPU
		{59764C76-45DE-4DA7-A32C-D1F0B5A26C06}.AppStore|ARM.ActiveCfg = Release|Any CPU
		{59764C76-45DE-4DA7-A32C-D1F0B5A26C06}.AppStore|ARM.Build.0 = Release|Any CPU
		{59764C76-45DE-4DA7-A32C-D1F0B5A26C06}.AppStore|ARM.Deploy.0 = Release|Any CPU
		{59764C76-45DE-4DA7-A32C-D1F0B5A26C06}.AppStore|iPhone.ActiveCfg = Release|Any CPU
		{59764C76-45DE-4DA7-A32C-D1F0B5A26C06}.AppStore|iPhone.Build.0 = Release|Any CPU
		{59764C76-45DE-4DA7-A32C-D1F0B5A26C06}.AppStore|iPhone.Deploy.0 = Release|Any CPU
		{59764C76-45DE-4DA7-A32C-D1F0B5A26C06}.AppStore|iPhoneSimulator.ActiveCfg = Release|Any CPU
		{59764C76-45DE-4DA7-A32C-D1F0B5A26C06}.AppStore|iPhoneSimulator.Build.0 = Release|Any CPU
		{59764C76-45DE-4DA7-A32C-D1F0B5A26C06}.AppStore|iPhoneSimulator.Deploy.0 = Release|Any CPU
		{59764C76-45DE-4DA7-A32C-D1F0B5A26C06}.AppStore|x64.ActiveCfg = Release|Any CPU
		{59764C76-45DE-4DA7-A32C-D1F0B5A26C06}.AppStore|x64.Build.0 = Release|Any CPU
		{59764C76-45DE-4DA7-A32C-D1F0B5A26C06}.AppStore|x64.Deploy.0 = Release|Any CPU
		{59764C76-45DE-4DA7-A32C-D1F0B5A26C06}.AppStore|x86.ActiveCfg = Release|Any CPU
		{59764C76-45DE-4DA7-A32C-D1F0B5A26C06}.AppStore|x86.Build.0 = Release|Any CPU
		{59764C76-45DE-4DA7-A32C-D1F0B5A26C06}.AppStore|x86.Deploy.0 = Release|Any CPU
		{59764C76-45DE-4DA7-A32C-D1F0B5A26C06}.Debug|Any CPU.ActiveCfg = Debug|Any CPU
		{59764C76-45DE-4DA7-A32C-D1F0B5A26C06}.Debug|Any CPU.Build.0 = Debug|Any CPU
		{59764C76-45DE-4DA7-A32C-D1F0B5A26C06}.Debug|Any CPU.Deploy.0 = Debug|Any CPU
		{59764C76-45DE-4DA7-A32C-D1F0B5A26C06}.Debug|ARM.ActiveCfg = Debug|Any CPU
		{59764C76-45DE-4DA7-A32C-D1F0B5A26C06}.Debug|ARM.Build.0 = Debug|Any CPU
		{59764C76-45DE-4DA7-A32C-D1F0B5A26C06}.Debug|ARM.Deploy.0 = Debug|Any CPU
		{59764C76-45DE-4DA7-A32C-D1F0B5A26C06}.Debug|iPhone.ActiveCfg = Debug|Any CPU
		{59764C76-45DE-4DA7-A32C-D1F0B5A26C06}.Debug|iPhone.Build.0 = Debug|Any CPU
		{59764C76-45DE-4DA7-A32C-D1F0B5A26C06}.Debug|iPhone.Deploy.0 = Debug|Any CPU
		{59764C76-45DE-4DA7-A32C-D1F0B5A26C06}.Debug|iPhoneSimulator.ActiveCfg = Debug|Any CPU
		{59764C76-45DE-4DA7-A32C-D1F0B5A26C06}.Debug|iPhoneSimulator.Build.0 = Debug|Any CPU
		{59764C76-45DE-4DA7-A32C-D1F0B5A26C06}.Debug|iPhoneSimulator.Deploy.0 = Debug|Any CPU
		{59764C76-45DE-4DA7-A32C-D1F0B5A26C06}.Debug|x64.ActiveCfg = Debug|Any CPU
		{59764C76-45DE-4DA7-A32C-D1F0B5A26C06}.Debug|x64.Build.0 = Debug|Any CPU
		{59764C76-45DE-4DA7-A32C-D1F0B5A26C06}.Debug|x64.Deploy.0 = Debug|Any CPU
		{59764C76-45DE-4DA7-A32C-D1F0B5A26C06}.Debug|x86.ActiveCfg = Debug|Any CPU
		{59764C76-45DE-4DA7-A32C-D1F0B5A26C06}.Debug|x86.Build.0 = Debug|Any CPU
		{59764C76-45DE-4DA7-A32C-D1F0B5A26C06}.Debug|x86.Deploy.0 = Debug|Any CPU
		{59764C76-45DE-4DA7-A32C-D1F0B5A26C06}.Release|Any CPU.ActiveCfg = Release|Any CPU
		{59764C76-45DE-4DA7-A32C-D1F0B5A26C06}.Release|Any CPU.Build.0 = Release|Any CPU
		{59764C76-45DE-4DA7-A32C-D1F0B5A26C06}.Release|Any CPU.Deploy.0 = Release|Any CPU
		{59764C76-45DE-4DA7-A32C-D1F0B5A26C06}.Release|ARM.ActiveCfg = Release|Any CPU
		{59764C76-45DE-4DA7-A32C-D1F0B5A26C06}.Release|ARM.Build.0 = Release|Any CPU
		{59764C76-45DE-4DA7-A32C-D1F0B5A26C06}.Release|ARM.Deploy.0 = Release|Any CPU
		{59764C76-45DE-4DA7-A32C-D1F0B5A26C06}.Release|iPhone.ActiveCfg = Release|Any CPU
		{59764C76-45DE-4DA7-A32C-D1F0B5A26C06}.Release|iPhone.Build.0 = Release|Any CPU
		{59764C76-45DE-4DA7-A32C-D1F0B5A26C06}.Release|iPhone.Deploy.0 = Release|Any CPU
		{59764C76-45DE-4DA7-A32C-D1F0B5A26C06}.Release|iPhoneSimulator.ActiveCfg = Release|Any CPU
		{59764C76-45DE-4DA7-A32C-D1F0B5A26C06}.Release|iPhoneSimulator.Build.0 = Release|Any CPU
		{59764C76-45DE-4DA7-A32C-D1F0B5A26C06}.Release|iPhoneSimulator.Deploy.0 = Release|Any CPU
		{59764C76-45DE-4DA7-A32C-D1F0B5A26C06}.Release|x64.ActiveCfg = Release|Any CPU
		{59764C76-45DE-4DA7-A32C-D1F0B5A26C06}.Release|x64.Build.0 = Release|Any CPU
		{59764C76-45DE-4DA7-A32C-D1F0B5A26C06}.Release|x64.Deploy.0 = Release|Any CPU
		{59764C76-45DE-4DA7-A32C-D1F0B5A26C06}.Release|x86.ActiveCfg = Release|Any CPU
		{59764C76-45DE-4DA7-A32C-D1F0B5A26C06}.Release|x86.Build.0 = Release|Any CPU
		{59764C76-45DE-4DA7-A32C-D1F0B5A26C06}.Release|x86.Deploy.0 = Release|Any CPU
		{6CED23EF-ADF5-4CA7-B71C-76DE7CE00CBD}.Ad-Hoc|Any CPU.ActiveCfg = Ad-Hoc|iPhone
		{6CED23EF-ADF5-4CA7-B71C-76DE7CE00CBD}.Ad-Hoc|ARM.ActiveCfg = Ad-Hoc|iPhone
		{6CED23EF-ADF5-4CA7-B71C-76DE7CE00CBD}.Ad-Hoc|iPhone.ActiveCfg = Ad-Hoc|iPhone
		{6CED23EF-ADF5-4CA7-B71C-76DE7CE00CBD}.Ad-Hoc|iPhone.Build.0 = Ad-Hoc|iPhone
		{6CED23EF-ADF5-4CA7-B71C-76DE7CE00CBD}.Ad-Hoc|iPhoneSimulator.ActiveCfg = Ad-Hoc|iPhoneSimulator
		{6CED23EF-ADF5-4CA7-B71C-76DE7CE00CBD}.Ad-Hoc|iPhoneSimulator.Build.0 = Ad-Hoc|iPhoneSimulator
		{6CED23EF-ADF5-4CA7-B71C-76DE7CE00CBD}.Ad-Hoc|x64.ActiveCfg = Ad-Hoc|iPhone
		{6CED23EF-ADF5-4CA7-B71C-76DE7CE00CBD}.Ad-Hoc|x86.ActiveCfg = Ad-Hoc|iPhone
		{6CED23EF-ADF5-4CA7-B71C-76DE7CE00CBD}.AppStore|Any CPU.ActiveCfg = AppStore|iPhone
		{6CED23EF-ADF5-4CA7-B71C-76DE7CE00CBD}.AppStore|ARM.ActiveCfg = AppStore|iPhone
		{6CED23EF-ADF5-4CA7-B71C-76DE7CE00CBD}.AppStore|iPhone.ActiveCfg = AppStore|iPhone
		{6CED23EF-ADF5-4CA7-B71C-76DE7CE00CBD}.AppStore|iPhone.Build.0 = AppStore|iPhone
		{6CED23EF-ADF5-4CA7-B71C-76DE7CE00CBD}.AppStore|iPhoneSimulator.ActiveCfg = AppStore|iPhoneSimulator
		{6CED23EF-ADF5-4CA7-B71C-76DE7CE00CBD}.AppStore|iPhoneSimulator.Build.0 = AppStore|iPhoneSimulator
		{6CED23EF-ADF5-4CA7-B71C-76DE7CE00CBD}.AppStore|x64.ActiveCfg = AppStore|iPhone
		{6CED23EF-ADF5-4CA7-B71C-76DE7CE00CBD}.AppStore|x86.ActiveCfg = AppStore|iPhone
		{6CED23EF-ADF5-4CA7-B71C-76DE7CE00CBD}.Debug|Any CPU.ActiveCfg = Debug|iPhone
		{6CED23EF-ADF5-4CA7-B71C-76DE7CE00CBD}.Debug|ARM.ActiveCfg = Debug|iPhone
		{6CED23EF-ADF5-4CA7-B71C-76DE7CE00CBD}.Debug|iPhone.ActiveCfg = Debug|iPhone
		{6CED23EF-ADF5-4CA7-B71C-76DE7CE00CBD}.Debug|iPhone.Build.0 = Debug|iPhone
		{6CED23EF-ADF5-4CA7-B71C-76DE7CE00CBD}.Debug|iPhoneSimulator.ActiveCfg = Debug|iPhoneSimulator
		{6CED23EF-ADF5-4CA7-B71C-76DE7CE00CBD}.Debug|iPhoneSimulator.Build.0 = Debug|iPhoneSimulator
		{6CED23EF-ADF5-4CA7-B71C-76DE7CE00CBD}.Debug|x64.ActiveCfg = Debug|iPhone
		{6CED23EF-ADF5-4CA7-B71C-76DE7CE00CBD}.Debug|x86.ActiveCfg = Debug|iPhone
		{6CED23EF-ADF5-4CA7-B71C-76DE7CE00CBD}.Release|Any CPU.ActiveCfg = Release|iPhone
		{6CED23EF-ADF5-4CA7-B71C-76DE7CE00CBD}.Release|ARM.ActiveCfg = Release|iPhone
		{6CED23EF-ADF5-4CA7-B71C-76DE7CE00CBD}.Release|iPhone.ActiveCfg = Release|iPhone
		{6CED23EF-ADF5-4CA7-B71C-76DE7CE00CBD}.Release|iPhone.Build.0 = Release|iPhone
		{6CED23EF-ADF5-4CA7-B71C-76DE7CE00CBD}.Release|iPhoneSimulator.ActiveCfg = Release|iPhoneSimulator
		{6CED23EF-ADF5-4CA7-B71C-76DE7CE00CBD}.Release|iPhoneSimulator.Build.0 = Release|iPhoneSimulator
		{6CED23EF-ADF5-4CA7-B71C-76DE7CE00CBD}.Release|x64.ActiveCfg = Release|iPhone
		{6CED23EF-ADF5-4CA7-B71C-76DE7CE00CBD}.Release|x86.ActiveCfg = Release|iPhone
		{A579B97E-FBE1-4F92-90AE-37AC4E4D6887}.Ad-Hoc|Any CPU.ActiveCfg = Release|x86
		{A579B97E-FBE1-4F92-90AE-37AC4E4D6887}.Ad-Hoc|Any CPU.Build.0 = Release|x86
		{A579B97E-FBE1-4F92-90AE-37AC4E4D6887}.Ad-Hoc|Any CPU.Deploy.0 = Release|x86
		{A579B97E-FBE1-4F92-90AE-37AC4E4D6887}.Ad-Hoc|ARM.ActiveCfg = Release|ARM
		{A579B97E-FBE1-4F92-90AE-37AC4E4D6887}.Ad-Hoc|ARM.Build.0 = Release|ARM
		{A579B97E-FBE1-4F92-90AE-37AC4E4D6887}.Ad-Hoc|ARM.Deploy.0 = Release|ARM
		{A579B97E-FBE1-4F92-90AE-37AC4E4D6887}.Ad-Hoc|iPhone.ActiveCfg = Release|x86
		{A579B97E-FBE1-4F92-90AE-37AC4E4D6887}.Ad-Hoc|iPhone.Build.0 = Release|x86
		{A579B97E-FBE1-4F92-90AE-37AC4E4D6887}.Ad-Hoc|iPhone.Deploy.0 = Release|x86
		{A579B97E-FBE1-4F92-90AE-37AC4E4D6887}.Ad-Hoc|iPhoneSimulator.ActiveCfg = Release|x86
		{A579B97E-FBE1-4F92-90AE-37AC4E4D6887}.Ad-Hoc|iPhoneSimulator.Build.0 = Release|x86
		{A579B97E-FBE1-4F92-90AE-37AC4E4D6887}.Ad-Hoc|iPhoneSimulator.Deploy.0 = Release|x86
		{A579B97E-FBE1-4F92-90AE-37AC4E4D6887}.Ad-Hoc|x64.ActiveCfg = Release|x64
		{A579B97E-FBE1-4F92-90AE-37AC4E4D6887}.Ad-Hoc|x64.Build.0 = Release|x64
		{A579B97E-FBE1-4F92-90AE-37AC4E4D6887}.Ad-Hoc|x64.Deploy.0 = Release|x64
		{A579B97E-FBE1-4F92-90AE-37AC4E4D6887}.Ad-Hoc|x86.ActiveCfg = Release|x86
		{A579B97E-FBE1-4F92-90AE-37AC4E4D6887}.Ad-Hoc|x86.Build.0 = Release|x86
		{A579B97E-FBE1-4F92-90AE-37AC4E4D6887}.Ad-Hoc|x86.Deploy.0 = Release|x86
		{A579B97E-FBE1-4F92-90AE-37AC4E4D6887}.AppStore|Any CPU.ActiveCfg = Release|x86
		{A579B97E-FBE1-4F92-90AE-37AC4E4D6887}.AppStore|Any CPU.Build.0 = Release|x86
		{A579B97E-FBE1-4F92-90AE-37AC4E4D6887}.AppStore|Any CPU.Deploy.0 = Release|x86
		{A579B97E-FBE1-4F92-90AE-37AC4E4D6887}.AppStore|ARM.ActiveCfg = Release|ARM
		{A579B97E-FBE1-4F92-90AE-37AC4E4D6887}.AppStore|ARM.Build.0 = Release|ARM
		{A579B97E-FBE1-4F92-90AE-37AC4E4D6887}.AppStore|ARM.Deploy.0 = Release|ARM
		{A579B97E-FBE1-4F92-90AE-37AC4E4D6887}.AppStore|iPhone.ActiveCfg = Release|x86
		{A579B97E-FBE1-4F92-90AE-37AC4E4D6887}.AppStore|iPhone.Build.0 = Release|x86
		{A579B97E-FBE1-4F92-90AE-37AC4E4D6887}.AppStore|iPhone.Deploy.0 = Release|x86
		{A579B97E-FBE1-4F92-90AE-37AC4E4D6887}.AppStore|iPhoneSimulator.ActiveCfg = Release|x86
		{A579B97E-FBE1-4F92-90AE-37AC4E4D6887}.AppStore|iPhoneSimulator.Build.0 = Release|x86
		{A579B97E-FBE1-4F92-90AE-37AC4E4D6887}.AppStore|iPhoneSimulator.Deploy.0 = Release|x86
		{A579B97E-FBE1-4F92-90AE-37AC4E4D6887}.AppStore|x64.ActiveCfg = Release|x64
		{A579B97E-FBE1-4F92-90AE-37AC4E4D6887}.AppStore|x64.Build.0 = Release|x64
		{A579B97E-FBE1-4F92-90AE-37AC4E4D6887}.AppStore|x64.Deploy.0 = Release|x64
		{A579B97E-FBE1-4F92-90AE-37AC4E4D6887}.AppStore|x86.ActiveCfg = Release|x86
		{A579B97E-FBE1-4F92-90AE-37AC4E4D6887}.AppStore|x86.Build.0 = Release|x86
		{A579B97E-FBE1-4F92-90AE-37AC4E4D6887}.AppStore|x86.Deploy.0 = Release|x86
		{A579B97E-FBE1-4F92-90AE-37AC4E4D6887}.Debug|Any CPU.ActiveCfg = Debug|x86
		{A579B97E-FBE1-4F92-90AE-37AC4E4D6887}.Debug|ARM.ActiveCfg = Debug|ARM
		{A579B97E-FBE1-4F92-90AE-37AC4E4D6887}.Debug|ARM.Build.0 = Debug|ARM
		{A579B97E-FBE1-4F92-90AE-37AC4E4D6887}.Debug|ARM.Deploy.0 = Debug|ARM
		{A579B97E-FBE1-4F92-90AE-37AC4E4D6887}.Debug|iPhone.ActiveCfg = Debug|x86
		{A579B97E-FBE1-4F92-90AE-37AC4E4D6887}.Debug|iPhoneSimulator.ActiveCfg = Debug|x86
		{A579B97E-FBE1-4F92-90AE-37AC4E4D6887}.Debug|x64.ActiveCfg = Debug|x64
		{A579B97E-FBE1-4F92-90AE-37AC4E4D6887}.Debug|x64.Build.0 = Debug|x64
		{A579B97E-FBE1-4F92-90AE-37AC4E4D6887}.Debug|x64.Deploy.0 = Debug|x64
		{A579B97E-FBE1-4F92-90AE-37AC4E4D6887}.Debug|x86.ActiveCfg = Debug|x86
		{A579B97E-FBE1-4F92-90AE-37AC4E4D6887}.Debug|x86.Build.0 = Debug|x86
		{A579B97E-FBE1-4F92-90AE-37AC4E4D6887}.Debug|x86.Deploy.0 = Debug|x86
		{A579B97E-FBE1-4F92-90AE-37AC4E4D6887}.Release|Any CPU.ActiveCfg = Release|x86
		{A579B97E-FBE1-4F92-90AE-37AC4E4D6887}.Release|ARM.ActiveCfg = Release|ARM
		{A579B97E-FBE1-4F92-90AE-37AC4E4D6887}.Release|ARM.Build.0 = Release|ARM
		{A579B97E-FBE1-4F92-90AE-37AC4E4D6887}.Release|ARM.Deploy.0 = Release|ARM
		{A579B97E-FBE1-4F92-90AE-37AC4E4D6887}.Release|iPhone.ActiveCfg = Release|x86
		{A579B97E-FBE1-4F92-90AE-37AC4E4D6887}.Release|iPhoneSimulator.ActiveCfg = Release|x86
		{A579B97E-FBE1-4F92-90AE-37AC4E4D6887}.Release|x64.ActiveCfg = Release|x64
		{A579B97E-FBE1-4F92-90AE-37AC4E4D6887}.Release|x64.Build.0 = Release|x64
		{A579B97E-FBE1-4F92-90AE-37AC4E4D6887}.Release|x64.Deploy.0 = Release|x64
		{A579B97E-FBE1-4F92-90AE-37AC4E4D6887}.Release|x86.ActiveCfg = Release|x86
		{A579B97E-FBE1-4F92-90AE-37AC4E4D6887}.Release|x86.Build.0 = Release|x86
		{A579B97E-FBE1-4F92-90AE-37AC4E4D6887}.Release|x86.Deploy.0 = Release|x86
		{A9EA3CDF-E624-4A70-82D2-4D5B8822049B}.Ad-Hoc|Any CPU.ActiveCfg = Debug|Any CPU
		{A9EA3CDF-E624-4A70-82D2-4D5B8822049B}.Ad-Hoc|Any CPU.Build.0 = Debug|Any CPU
		{A9EA3CDF-E624-4A70-82D2-4D5B8822049B}.Ad-Hoc|ARM.ActiveCfg = Debug|Any CPU
		{A9EA3CDF-E624-4A70-82D2-4D5B8822049B}.Ad-Hoc|ARM.Build.0 = Debug|Any CPU
		{A9EA3CDF-E624-4A70-82D2-4D5B8822049B}.Ad-Hoc|iPhone.ActiveCfg = Debug|Any CPU
		{A9EA3CDF-E624-4A70-82D2-4D5B8822049B}.Ad-Hoc|iPhone.Build.0 = Debug|Any CPU
		{A9EA3CDF-E624-4A70-82D2-4D5B8822049B}.Ad-Hoc|iPhoneSimulator.ActiveCfg = Debug|Any CPU
		{A9EA3CDF-E624-4A70-82D2-4D5B8822049B}.Ad-Hoc|iPhoneSimulator.Build.0 = Debug|Any CPU
		{A9EA3CDF-E624-4A70-82D2-4D5B8822049B}.Ad-Hoc|x64.ActiveCfg = Debug|Any CPU
		{A9EA3CDF-E624-4A70-82D2-4D5B8822049B}.Ad-Hoc|x64.Build.0 = Debug|Any CPU
		{A9EA3CDF-E624-4A70-82D2-4D5B8822049B}.Ad-Hoc|x86.ActiveCfg = Debug|Any CPU
		{A9EA3CDF-E624-4A70-82D2-4D5B8822049B}.Ad-Hoc|x86.Build.0 = Debug|Any CPU
		{A9EA3CDF-E624-4A70-82D2-4D5B8822049B}.AppStore|Any CPU.ActiveCfg = Debug|Any CPU
		{A9EA3CDF-E624-4A70-82D2-4D5B8822049B}.AppStore|Any CPU.Build.0 = Debug|Any CPU
		{A9EA3CDF-E624-4A70-82D2-4D5B8822049B}.AppStore|ARM.ActiveCfg = Debug|Any CPU
		{A9EA3CDF-E624-4A70-82D2-4D5B8822049B}.AppStore|ARM.Build.0 = Debug|Any CPU
		{A9EA3CDF-E624-4A70-82D2-4D5B8822049B}.AppStore|iPhone.ActiveCfg = Debug|Any CPU
		{A9EA3CDF-E624-4A70-82D2-4D5B8822049B}.AppStore|iPhone.Build.0 = Debug|Any CPU
		{A9EA3CDF-E624-4A70-82D2-4D5B8822049B}.AppStore|iPhoneSimulator.ActiveCfg = Debug|Any CPU
		{A9EA3CDF-E624-4A70-82D2-4D5B8822049B}.AppStore|iPhoneSimulator.Build.0 = Debug|Any CPU
		{A9EA3CDF-E624-4A70-82D2-4D5B8822049B}.AppStore|x64.ActiveCfg = Debug|Any CPU
		{A9EA3CDF-E624-4A70-82D2-4D5B8822049B}.AppStore|x64.Build.0 = Debug|Any CPU
		{A9EA3CDF-E624-4A70-82D2-4D5B8822049B}.AppStore|x86.ActiveCfg = Debug|Any CPU
		{A9EA3CDF-E624-4A70-82D2-4D5B8822049B}.AppStore|x86.Build.0 = Debug|Any CPU
		{A9EA3CDF-E624-4A70-82D2-4D5B8822049B}.Debug|Any CPU.ActiveCfg = Debug|Any CPU
		{A9EA3CDF-E624-4A70-82D2-4D5B8822049B}.Debug|Any CPU.Build.0 = Debug|Any CPU
		{A9EA3CDF-E624-4A70-82D2-4D5B8822049B}.Debug|ARM.ActiveCfg = Debug|Any CPU
		{A9EA3CDF-E624-4A70-82D2-4D5B8822049B}.Debug|ARM.Build.0 = Debug|Any CPU
		{A9EA3CDF-E624-4A70-82D2-4D5B8822049B}.Debug|iPhone.ActiveCfg = Debug|Any CPU
		{A9EA3CDF-E624-4A70-82D2-4D5B8822049B}.Debug|iPhone.Build.0 = Debug|Any CPU
		{A9EA3CDF-E624-4A70-82D2-4D5B8822049B}.Debug|iPhoneSimulator.ActiveCfg = Debug|Any CPU
		{A9EA3CDF-E624-4A70-82D2-4D5B8822049B}.Debug|iPhoneSimulator.Build.0 = Debug|Any CPU
		{A9EA3CDF-E624-4A70-82D2-4D5B8822049B}.Debug|x64.ActiveCfg = Debug|Any CPU
		{A9EA3CDF-E624-4A70-82D2-4D5B8822049B}.Debug|x64.Build.0 = Debug|Any CPU
		{A9EA3CDF-E624-4A70-82D2-4D5B8822049B}.Debug|x86.ActiveCfg = Debug|Any CPU
		{A9EA3CDF-E624-4A70-82D2-4D5B8822049B}.Debug|x86.Build.0 = Debug|Any CPU
		{A9EA3CDF-E624-4A70-82D2-4D5B8822049B}.Release|Any CPU.ActiveCfg = Release|Any CPU
		{A9EA3CDF-E624-4A70-82D2-4D5B8822049B}.Release|Any CPU.Build.0 = Release|Any CPU
		{A9EA3CDF-E624-4A70-82D2-4D5B8822049B}.Release|ARM.ActiveCfg = Release|Any CPU
		{A9EA3CDF-E624-4A70-82D2-4D5B8822049B}.Release|ARM.Build.0 = Release|Any CPU
		{A9EA3CDF-E624-4A70-82D2-4D5B8822049B}.Release|iPhone.ActiveCfg = Release|Any CPU
		{A9EA3CDF-E624-4A70-82D2-4D5B8822049B}.Release|iPhone.Build.0 = Release|Any CPU
		{A9EA3CDF-E624-4A70-82D2-4D5B8822049B}.Release|iPhoneSimulator.ActiveCfg = Release|Any CPU
		{A9EA3CDF-E624-4A70-82D2-4D5B8822049B}.Release|iPhoneSimulator.Build.0 = Release|Any CPU
		{A9EA3CDF-E624-4A70-82D2-4D5B8822049B}.Release|x64.ActiveCfg = Release|Any CPU
		{A9EA3CDF-E624-4A70-82D2-4D5B8822049B}.Release|x64.Build.0 = Release|Any CPU
		{A9EA3CDF-E624-4A70-82D2-4D5B8822049B}.Release|x86.ActiveCfg = Release|Any CPU
		{A9EA3CDF-E624-4A70-82D2-4D5B8822049B}.Release|x86.Build.0 = Release|Any CPU
	EndGlobalSection
	GlobalSection(SolutionProperties) = preSolution
		HideSolutionNode = FALSE
	EndGlobalSection
	GlobalSection(ExtensibilityGlobals) = postSolution
		SolutionGuid = {0AE697CB-DD66-4E4F-AE36-13B4C1C63606}
	EndGlobalSection
EndGlobal
